{
  "pins" : [
    {
      "identity" : "kiwi",
      "kind" : "remoteSourceControl",
      "location" : "https://github.com/appmetrica/Kiwi",
      "state" : {
        "revision" : "a265276ad551a65c9b2e3762b0363e007b16f10e",
        "version" : "3.0.1-spm"
      }
    },
    {
      "identity" : "kscrash",
      "kind" : "remoteSourceControl",
      "location" : "https://github.com/kstenerud/KSCrash",
      "state" : {
        "revision" : "b87a3ef5b0b84e2a34a546b9836813756cd362a9",
        "version" : "2.0.0"
      }
    }
  ],
  "version" : 2
}
