{
  "pins" : [
    {
      "identity" : "kiwi",
      "kind" : "remoteSourceControl",
      "location" : "https://github.com/appmetrica/Kiwi",
      "state" : {
        "revision" : "a265276ad551a65c9b2e3762b0363e007b16f10e",
        "version" : "3.0.1-spm"
      }
    },
    {
      "identity" : "kscrash",
      "kind" : "remoteSourceControl",
      "location" : "https://github.com/kstenerud/KSCrash.git",
      "state" : {
        "revision" : "e62b01179f951ffa6670af186b21f00657a92557",
        "version" : "2.0.0-rc.8"
      }
    }
  ],
  "version" : 2
}
