{
  "pins" : [
    {
      "identity" : "kiwi",
      "kind" : "remoteSourceControl",
      "location" : "https://github.com/appmetrica/Kiwi",
      "state" : {
        "revision" : "a265276ad551a65c9b2e3762b0363e007b16f10e",
        "version" : "3.0.1-spm"
      }
    },
    {
      "identity" : "kscrash",
      "kind" : "remoteSourceControl",
      "location" : "https://github.com/kstenerud/KSCrash",
      "state" : {
        "revision" : "90a0c1a139ca833281423b1d2260ebf9ae188e63",
        "version" : "2.0.0-rc.1"
      }
    }
  ],
  "version" : 2
}
